// !$*UTF8*$!
{
	archiveVersion = 1;
	classes = {
	};
	objectVersion = 77;
	objects = {

/* Begin PBXBuildFile section */
		561E3F782D8CA9C5009DC6B9 /* FirebaseAuth in Frameworks */ = {isa = PBXBuildFile; productRef = 561E3F772D8CA9C5009DC6B9 /* FirebaseAuth */; };
		561E3F7A2D8CA9C5009DC6B9 /* FirebaseFirestore in Frameworks */ = {isa = PBXBuildFile; productRef = 561E3F792D8CA9C5009DC6B9 /* FirebaseFirestore */; };
		561E3F7C2D8CA9C5009DC6B9 /* FirebaseStorage in Frameworks */ = {isa = PBXBuildFile; productRef = 561E3F7B2D8CA9C5009DC6B9 /* FirebaseStorage */; };
/* End PBXBuildFile section */

/* Begin PBXContainerItemProxy section */
		561E3ED42D8B47CF009DC6B9 /* PBXContainerItemProxy */ = {
			isa = PBXContainerItemProxy;
			containerPortal = 561E3EBB2D8B47CD009DC6B9 /* Project object */;
			proxyType = 1;
			remoteGlobalIDString = 561E3EC22D8B47CD009DC6B9;
			remoteInfo = ChatUp;
		};
		561E3EDE2D8B47CF009DC6B9 /* PBXContainerItemProxy */ = {
			isa = PBXContainerItemProxy;
			containerPortal = 561E3EBB2D8B47CD009DC6B9 /* Project object */;
			proxyType = 1;
			remoteGlobalIDString = 561E3EC22D8B47CD009DC6B9;
			remoteInfo = ChatUp;
		};
/* End PBXContainerItemProxy section */

/* Begin PBXFileReference section */
		561E3EC32D8B47CD009DC6B9 /* ChatUp.app */ = {isa = PBXFileReference; explicitFileType = wrapper.application; includeInIndex = 0; path = ChatUp.app; sourceTree = BUILT_PRODUCTS_DIR; };
		561E3ED32D8B47CF009DC6B9 /* ChatUpTests.xctest */ = {isa = PBXFileReference; explicitFileType = wrapper.cfbundle; includeInIndex = 0; path = ChatUpTests.xctest; sourceTree = BUILT_PRODUCTS_DIR; };
		561E3EDD2D8B47CF009DC6B9 /* ChatUpUITests.xctest */ = {isa = PBXFileReference; explicitFileType = wrapper.cfbundle; includeInIndex = 0; path = ChatUpUITests.xctest; sourceTree = BUILT_PRODUCTS_DIR; };
/* End PBXFileReference section */

/* Begin PBXFileSystemSynchronizedRootGroup section */
		561E3EC52D8B47CD009DC6B9 /* ChatUp */ = {
			isa = PBXFileSystemSynchronizedRootGroup;
			path = ChatUp;
			sourceTree = "<group>";
		};
		561E3ED62D8B47CF009DC6B9 /* ChatUpTests */ = {
			isa = PBXFileSystemSynchronizedRootGroup;
			path = ChatUpTests;
			sourceTree = "<group>";
		};
		561E3EE02D8B47CF009DC6B9 /* ChatUpUITests */ = {
			isa = PBXFileSystemSynchronizedRootGroup;
			path = ChatUpUITests;
			sourceTree = "<group>";
		};
/* End PBXFileSystemSynchronizedRootGroup section */

/* Begin PBXFrameworksBuildPhase section */
		561E3EC02D8B47CD009DC6B9 /* Frameworks */ = {
			isa = PBXFrameworksBuildPhase;
			buildActionMask = 2147483647;
			files = (
				561E3F782D8CA9C5009DC6B9 /* FirebaseAuth in Frameworks */,
				561E3F7A2D8CA9C5009DC6B9 /* FirebaseFirestore in Frameworks */,
				561E3F7C2D8CA9C5009DC6B9 /* FirebaseStorage in Frameworks */,
			);
			runOnlyForDeploymentPostprocessing = 0;
		};
		561E3ED02D8B47CF009DC6B9 /* Frameworks */ = {
			isa = PBXFrameworksBuildPhase;
			buildActionMask = 2147483647;
			files = (
			);
			runOnlyForDeploymentPostprocessing = 0;
		};
		561E3EDA2D8B47CF009DC6B9 /* Frameworks */ = {
			isa = PBXFrameworksBuildPhase;
			buildActionMask = 2147483647;
			files = (
			);
			runOnlyForDeploymentPostprocessing = 0;
		};
/* End PBXFrameworksBuildPhase section */

/* Begin PBXGroup section */
		561E3EBA2D8B47CD009DC6B9 = {
			isa = PBXGroup;
			children = (
				561E3EC52D8B47CD009DC6B9 /* ChatUp */,
				561E3ED62D8B47CF009DC6B9 /* ChatUpTests */,
				561E3EE02D8B47CF009DC6B9 /* ChatUpUITests */,
				561E3EC42D8B47CD009DC6B9 /* Products */,
			);
			sourceTree = "<group>";
		};
		561E3EC42D8B47CD009DC6B9 /* Products */ = {
			isa = PBXGroup;
			children = (
				561E3EC32D8B47CD009DC6B9 /* ChatUp.app */,
				561E3ED32D8B47CF009DC6B9 /* ChatUpTests.xctest */,
				561E3EDD2D8B47CF009DC6B9 /* ChatUpUITests.xctest */,
			);
			name = Products;
			sourceTree = "<group>";
		};
/* End PBXGroup section */

/* Begin PBXNativeTarget section */
		561E3EC22D8B47CD009DC6B9 /* ChatUp */ = {
			isa = PBXNativeTarget;
			buildConfigurationList = 561E3EE72D8B47CF009DC6B9 /* Build configuration list for PBXNativeTarget "ChatUp" */;
			buildPhases = (
				561E3EBF2D8B47CD009DC6B9 /* Sources */,
				561E3EC02D8B47CD009DC6B9 /* Frameworks */,
				561E3EC12D8B47CD009DC6B9 /* Resources */,
			);
			buildRules = (
			);
			dependencies = (
			);
			fileSystemSynchronizedGroups = (
				561E3EC52D8B47CD009DC6B9 /* ChatUp */,
			);
			name = ChatUp;
			packageProductDependencies = (
				561E3F772D8CA9C5009DC6B9 /* FirebaseAuth */,
				561E3F792D8CA9C5009DC6B9 /* FirebaseFirestore */,
				561E3F7B2D8CA9C5009DC6B9 /* FirebaseStorage */,
			);
			productName = ChatUp;
			productReference = 561E3EC32D8B47CD009DC6B9 /* ChatUp.app */;
			productType = "com.apple.product-type.application";
		};
		561E3ED22D8B47CF009DC6B9 /* ChatUpTests */ = {
			isa = PBXNativeTarget;
			buildConfigurationList = 561E3EEA2D8B47CF009DC6B9 /* Build configuration list for PBXNativeTarget "ChatUpTests" */;
			buildPhases = (
				561E3ECF2D8B47CF009DC6B9 /* Sources */,
				561E3ED02D8B47CF009DC6B9 /* Frameworks */,
				561E3ED12D8B47CF009DC6B9 /* Resources */,
			);
			buildRules = (
			);
			dependencies = (
				561E3ED52D8B47CF009DC6B9 /* PBXTargetDependency */,
			);
			fileSystemSynchronizedGroups = (
				561E3ED62D8B47CF009DC6B9 /* ChatUpTests */,
			);
			name = ChatUpTests;
			packageProductDependencies = (
			);
			productName = ChatUpTests;
			productReference = 561E3ED32D8B47CF009DC6B9 /* ChatUpTests.xctest */;
			productType = "com.apple.product-type.bundle.unit-test";
		};
		561E3EDC2D8B47CF009DC6B9 /* ChatUpUITests */ = {
			isa = PBXNativeTarget;
			buildConfigurationList = 561E3EED2D8B47CF009DC6B9 /* Build configuration list for PBXNativeTarget "ChatUpUITests" */;
			buildPhases = (
				561E3ED92D8B47CF009DC6B9 /* Sources */,
				561E3EDA2D8B47CF009DC6B9 /* Frameworks */,
				561E3EDB2D8B47CF009DC6B9 /* Resources */,
			);
			buildRules = (
			);
			dependencies = (
				561E3EDF2D8B47CF009DC6B9 /* PBXTargetDependency */,
			);
			fileSystemSynchronizedGroups = (
				561E3EE02D8B47CF009DC6B9 /* ChatUpUITests */,
			);
			name = ChatUpUITests;
			packageProductDependencies = (
			);
			productName = ChatUpUITests;
			productReference = 561E3EDD2D8B47CF009DC6B9 /* ChatUpUITests.xctest */;
			productType = "com.apple.product-type.bundle.ui-testing";
		};
/* End PBXNativeTarget section */

/* Begin PBXProject section */
		561E3EBB2D8B47CD009DC6B9 /* Project object */ = {
			isa = PBXProject;
			attributes = {
				BuildIndependentTargetsInParallel = 1;
				LastSwiftUpdateCheck = 1620;
				LastUpgradeCheck = 1620;
				TargetAttributes = {
					561E3EC22D8B47CD009DC6B9 = {
						CreatedOnToolsVersion = 16.2;
					};
					561E3ED22D8B47CF009DC6B9 = {
						CreatedOnToolsVersion = 16.2;
						TestTargetID = 561E3EC22D8B47CD009DC6B9;
					};
					561E3EDC2D8B47CF009DC6B9 = {
						CreatedOnToolsVersion = 16.2;
						TestTargetID = 561E3EC22D8B47CD009DC6B9;
					};
				};
			};
			buildConfigurationList = 561E3EBE2D8B47CD009DC6B9 /* Build configuration list for PBXProject "ChatUp" */;
			developmentRegion = en;
			hasScannedForEncodings = 0;
			knownRegions = (
				en,
				Base,
			);
			mainGroup = 561E3EBA2D8B47CD009DC6B9;
			minimizedProjectReferenceProxies = 1;
			packageReferences = (
				561E3F762D8CA9C5009DC6B9 /* XCRemoteSwiftPackageReference "firebase-ios-sdk" */,
			);
			preferredProjectObjectVersion = 77;
			productRefGroup = 561E3EC42D8B47CD009DC6B9 /* Products */;
			projectDirPath = "";
			projectRoot = "";
			targets = (
				561E3EC22D8B47CD009DC6B9 /* ChatUp */,
				561E3ED22D8B47CF009DC6B9 /* ChatUpTests */,
				561E3EDC2D8B47CF009DC6B9 /* ChatUpUITests */,
			);
		};
/* End PBXProject section */

/* Begin PBXResourcesBuildPhase section */
		561E3EC12D8B47CD009DC6B9 /* Resources */ = {
			isa = PBXResourcesBuildPhase;
			buildActionMask = 2147483647;
			files = (
			);
			runOnlyForDeploymentPostprocessing = 0;
		};
		561E3ED12D8B47CF009DC6B9 /* Resources */ = {
			isa = PBXResourcesBuildPhase;
			buildActionMask = 2147483647;
			files = (
			);
			runOnlyForDeploymentPostprocessing = 0;
		};
		561E3EDB2D8B47CF009DC6B9 /* Resources */ = {
			isa = PBXResourcesBuildPhase;
			buildActionMask = 2147483647;
			files = (
			);
			runOnlyForDeploymentPostprocessing = 0;
		};
/* End PBXResourcesBuildPhase section */

/* Begin PBXSourcesBuildPhase section */
		561E3EBF2D8B47CD009DC6B9 /* Sources */ = {
			isa = PBXSourcesBuildPhase;
			buildActionMask = 2147483647;
			files = (
			);
			runOnlyForDeploymentPostprocessing = 0;
		};
		561E3ECF2D8B47CF009DC6B9 /* Sources */ = {
			isa = PBXSourcesBuildPhase;
			buildActionMask = 2147483647;
			files = (
			);
			runOnlyForDeploymentPostprocessing = 0;
		};
		561E3ED92D8B47CF009DC6B9 /* Sources */ = {
			isa = PBXSourcesBuildPhase;
			buildActionMask = 2147483647;
			files = (
			);
			runOnlyForDeploymentPostprocessing = 0;
		};
/* End PBXSourcesBuildPhase section */

/* Begin PBXTargetDependency section */
		561E3ED52D8B47CF009DC6B9 /* PBXTargetDependency */ = {
			isa = PBXTargetDependency;
			target = 561E3EC22D8B47CD009DC6B9 /* ChatUp */;
			targetProxy = 561E3ED42D8B47CF009DC6B9 /* PBXContainerItemProxy */;
		};
		561E3EDF2D8B47CF009DC6B9 /* PBXTargetDependency */ = {
			isa = PBXTargetDependency;
			target = 561E3EC22D8B47CD009DC6B9 /* ChatUp */;
			targetProxy = 561E3EDE2D8B47CF009DC6B9 /* PBXContainerItemProxy */;
		};
/* End PBXTargetDependency section */

/* Begin XCBuildConfiguration section */
		561E3EE52D8B47CF009DC6B9 /* Debug */ = {
			isa = XCBuildConfiguration;
			buildSettings = {
				ALWAYS_SEARCH_USER_PATHS = NO;
				ASSETCATALOG_COMPILER_GENERATE_SWIFT_ASSET_SYMBOL_EXTENSIONS = YES;
				CLANG_ANALYZER_NONNULL = YES;
				CLANG_ANALYZER_NUMBER_OBJECT_CONVERSION = YES_AGGRESSIVE;
				CLANG_CXX_LANGUAGE_STANDARD = "gnu++20";
				CLANG_ENABLE_MODULES = YES;
				CLANG_ENABLE_OBJC_ARC = YES;
				CLANG_ENABLE_OBJC_WEAK = YES;
				CLANG_WARN_BLOCK_CAPTURE_AUTORELEASING = YES;
				CLANG_WARN_BOOL_CONVERSION = YES;
				CLANG_WARN_COMMA = YES;
				CLANG_WARN_CONSTANT_CONVERSION = YES;
				CLANG_WARN_DEPRECATED_OBJC_IMPLEMENTATIONS = YES;
				CLANG_WARN_DIRECT_OBJC_ISA_USAGE = YES_ERROR;
				CLANG_WARN_DOCUMENTATION_COMMENTS = YES;
				CLANG_WARN_EMPTY_BODY = YES;
				CLANG_WARN_ENUM_CONVERSION = YES;
				CLANG_WARN_INFINITE_RECURSION = YES;
				CLANG_WARN_INT_CONVERSION = YES;
				CLANG_WARN_NON_LITERAL_NULL_CONVERSION = YES;
				CLANG_WARN_OBJC_IMPLICIT_RETAIN_SELF = YES;
				CLANG_WARN_OBJC_LITERAL_CONVERSION = YES;
				CLANG_WARN_OBJC_ROOT_CLASS = YES_ERROR;
				CLANG_WARN_QUOTED_INCLUDE_IN_FRAMEWORK_HEADER = YES;
				CLANG_WARN_RANGE_LOOP_ANALYSIS = YES;
				CLANG_WARN_STRICT_PROTOTYPES = YES;
				CLANG_WARN_SUSPICIOUS_MOVE = YES;
				CLANG_WARN_UNGUARDED_AVAILABILITY = YES_AGGRESSIVE;
				CLANG_WARN_UNREACHABLE_CODE = YES;
				CLANG_WARN__DUPLICATE_METHOD_MATCH = YES;
				COPY_PHASE_STRIP = NO;
				DEBUG_INFORMATION_FORMAT = dwarf;
				ENABLE_STRICT_OBJC_MSGSEND = YES;
				ENABLE_TESTABILITY = YES;
				ENABLE_USER_SCRIPT_SANDBOXING = YES;
				GCC_C_LANGUAGE_STANDARD = gnu17;
				GCC_DYNAMIC_NO_PIC = NO;
				GCC_NO_COMMON_BLOCKS = YES;
				GCC_OPTIMIZATION_LEVEL = 0;
				GCC_PREPROCESSOR_DEFINITIONS = (
					"DEBUG=1",
					"$(inherited)",
				);
				GCC_WARN_64_TO_32_BIT_CONVERSION = YES;
				GCC_WARN_ABOUT_RETURN_TYPE = YES_ERROR;
				GCC_WARN_UNDECLARED_SELECTOR = YES;
				GCC_WARN_UNINITIALIZED_AUTOS = YES_AGGRESSIVE;
				GCC_WARN_UNUSED_FUNCTION = YES;
				GCC_WARN_UNUSED_VARIABLE = YES;
				IPHONEOS_DEPLOYMENT_TARGET = 18.2;
				LOCALIZATION_PREFERS_STRING_CATALOGS = YES;
				MTL_ENABLE_DEBUG_INFO = INCLUDE_SOURCE;
				MTL_FAST_MATH = YES;
				ONLY_ACTIVE_ARCH = YES;
				SDKROOT = iphoneos;
				SWIFT_ACTIVE_COMPILATION_CONDITIONS = "DEBUG $(inherited)";
				SWIFT_OPTIMIZATION_LEVEL = "-Onone";
			};
			name = Debug;
		};
		561E3EE62D8B47CF009DC6B9 /* Release */ = {
			isa = XCBuildConfiguration;
			buildSettings = {
				ALWAYS_SEARCH_USER_PATHS = NO;
				ASSETCATALOG_COMPILER_GENERATE_SWIFT_ASSET_SYMBOL_EXTENSIONS = YES;
				CLANG_ANALYZER_NONNULL = YES;
				CLANG_ANALYZER_NUMBER_OBJECT_CONVERSION = YES_AGGRESSIVE;
				CLANG_CXX_LANGUAGE_STANDARD = "gnu++20";
				CLANG_ENABLE_MODULES = YES;
				CLANG_ENABLE_OBJC_ARC = YES;
				CLANG_ENABLE_OBJC_WEAK = YES;
				CLANG_WARN_BLOCK_CAPTURE_AUTORELEASING = YES;
				CLANG_WARN_BOOL_CONVERSION = YES;
				CLANG_WARN_COMMA = YES;
				CLANG_WARN_CONSTANT_CONVERSION = YES;
				CLANG_WARN_DEPRECATED_OBJC_IMPLEMENTATIONS = YES;
				CLANG_WARN_DIRECT_OBJC_ISA_USAGE = YES_ERROR;
				CLANG_WARN_DOCUMENTATION_COMMENTS = YES;
				CLANG_WARN_EMPTY_BODY = YES;
				CLANG_WARN_ENUM_CONVERSION = YES;
				CLANG_WARN_INFINITE_RECURSION = YES;
				CLANG_WARN_INT_CONVERSION = YES;
				CLANG_WARN_NON_LITERAL_NULL_CONVERSION = YES;
				CLANG_WARN_OBJC_IMPLICIT_RETAIN_SELF = YES;
				CLANG_WARN_OBJC_LITERAL_CONVERSION = YES;
				CLANG_WARN_OBJC_ROOT_CLASS = YES_ERROR;
				CLANG_WARN_QUOTED_INCLUDE_IN_FRAMEWORK_HEADER = YES;
				CLANG_WARN_RANGE_LOOP_ANALYSIS = YES;
				CLANG_WARN_STRICT_PROTOTYPES = YES;
				CLANG_WARN_SUSPICIOUS_MOVE = YES;
				CLANG_WARN_UNGUARDED_AVAILABILITY = YES_AGGRESSIVE;
				CLANG_WARN_UNREACHABLE_CODE = YES;
				CLANG_WARN__DUPLICATE_METHOD_MATCH = YES;
				COPY_PHASE_STRIP = NO;
				DEBUG_INFORMATION_FORMAT = "dwarf-with-dsym";
				ENABLE_NS_ASSERTIONS = NO;
				ENABLE_STRICT_OBJC_MSGSEND = YES;
				ENABLE_USER_SCRIPT_SANDBOXING = YES;
				GCC_C_LANGUAGE_STANDARD = gnu17;
				GCC_NO_COMMON_BLOCKS = YES;
				GCC_WARN_64_TO_32_BIT_CONVERSION = YES;
				GCC_WARN_ABOUT_RETURN_TYPE = YES_ERROR;
				GCC_WARN_UNDECLARED_SELECTOR = YES;
				GCC_WARN_UNINITIALIZED_AUTOS = YES_AGGRESSIVE;
				GCC_WARN_UNUSED_FUNCTION = YES;
				GCC_WARN_UNUSED_VARIABLE = YES;
				IPHONEOS_DEPLOYMENT_TARGET = 18.2;
				LOCALIZATION_PREFERS_STRING_CATALOGS = YES;
				MTL_ENABLE_DEBUG_INFO = NO;
				MTL_FAST_MATH = YES;
				SDKROOT = iphoneos;
				SWIFT_COMPILATION_MODE = wholemodule;
				VALIDATE_PRODUCT = YES;
			};
			name = Release;
		};
		561E3EE82D8B47CF009DC6B9 /* Debug */ = {
			isa = XCBuildConfiguration;
			buildSettings = {
				ASSETCATALOG_COMPILER_APPICON_NAME = AppIcon;
				ASSETCATALOG_COMPILER_GLOBAL_ACCENT_COLOR_NAME = AccentColor;
				CODE_SIGN_STYLE = Automatic;
				CURRENT_PROJECT_VERSION = 1;
				DEVELOPMENT_ASSET_PATHS = "\"ChatUp/Preview Content\"";
				DEVELOPMENT_TEAM = GB2CY3HPJ4;
				ENABLE_PREVIEWS = YES;
				GENERATE_INFOPLIST_FILE = YES;
				INFOPLIST_KEY_UIApplicationSceneManifest_Generation = YES;
				INFOPLIST_KEY_UIApplicationSupportsIndirectInputEvents = YES;
				INFOPLIST_KEY_UILaunchScreen_Generation = YES;
				INFOPLIST_KEY_UISupportedInterfaceOrientations_iPad = "UIInterfaceOrientationPortrait UIInterfaceOrientationPortraitUpsideDown UIInterfaceOrientationLandscapeLeft UIInterfaceOrientationLandscapeRight";
				INFOPLIST_KEY_UISupportedInterfaceOrientations_iPhone = "UIInterfaceOrientationPortrait UIInterfaceOrientationLandscapeLeft UIInterfaceOrientationLandscapeRight";
				LD_RUNPATH_SEARCH_PATHS = (
					"$(inherited)",
					"@executable_path/Frameworks",
				);
				MARKETING_VERSION = 1.0;
				PRODUCT_BUNDLE_IDENTIFIER = RicardoMassaki.ChatUp;
				PRODUCT_NAME = "$(TARGET_NAME)";
				SWIFT_EMIT_LOC_STRINGS = YES;
				SWIFT_VERSION = 5.0;
				TARGETED_DEVICE_FAMILY = "1,2";
			};
			name = Debug;
		};
		561E3EE92D8B47CF009DC6B9 /* Release */ = {
			isa = XCBuildConfiguration;
			buildSettings = {
				ASSETCATALOG_COMPILER_APPICON_NAME = AppIcon;
				ASSETCATALOG_COMPILER_GLOBAL_ACCENT_COLOR_NAME = AccentColor;
				CODE_SIGN_STYLE = Automatic;
				CURRENT_PROJECT_VERSION = 1;
				DEVELOPMENT_ASSET_PATHS = "\"ChatUp/Preview Content\"";
				DEVELOPMENT_TEAM = GB2CY3HPJ4;
				ENABLE_PREVIEWS = YES;
				GENERATE_INFOPLIST_FILE = YES;
				INFOPLIST_KEY_UIApplicationSceneManifest_Generation = YES;
				INFOPLIST_KEY_UIApplicationSupportsIndirectInputEvents = YES;
				INFOPLIST_KEY_UILaunchScreen_Generation = YES;
				INFOPLIST_KEY_UISupportedInterfaceOrientations_iPad = "UIInterfaceOrientationPortrait UIInterfaceOrientationPortraitUpsideDown UIInterfaceOrientationLandscapeLeft UIInterfaceOrientationLandscapeRight";
				INFOPLIST_KEY_UISupportedInterfaceOrientations_iPhone = "UIInterfaceOrientationPortrait UIInterfaceOrientationLandscapeLeft UIInterfaceOrientationLandscapeRight";
				LD_RUNPATH_SEARCH_PATHS = (
					"$(inherited)",
					"@executable_path/Frameworks",
				);
				MARKETING_VERSION = 1.0;
				PRODUCT_BUNDLE_IDENTIFIER = RicardoMassaki.ChatUp;
				PRODUCT_NAME = "$(TARGET_NAME)";
				SWIFT_EMIT_LOC_STRINGS = YES;
				SWIFT_VERSION = 5.0;
				TARGETED_DEVICE_FAMILY = "1,2";
			};
			name = Release;
		};
		561E3EEB2D8B47CF009DC6B9 /* Debug */ = {
			isa = XCBuildConfiguration;
			buildSettings = {
				BUNDLE_LOADER = "$(TEST_HOST)";
				CODE_SIGN_STYLE = Automatic;
				CURRENT_PROJECT_VERSION = 1;
				DEVELOPMENT_TEAM = GB2CY3HPJ4;
				GENERATE_INFOPLIST_FILE = YES;
				IPHONEOS_DEPLOYMENT_TARGET = 18.2;
				MARKETING_VERSION = 1.0;
				PRODUCT_BUNDLE_IDENTIFIER = RicardoMassaki.ChatUpTests;
				PRODUCT_NAME = "$(TARGET_NAME)";
				SWIFT_EMIT_LOC_STRINGS = NO;
				SWIFT_VERSION = 5.0;
				TARGETED_DEVICE_FAMILY = "1,2";
				TEST_HOST = "$(BUILT_PRODUCTS_DIR)/ChatUp.app/$(BUNDLE_EXECUTABLE_FOLDER_PATH)/ChatUp";
			};
			name = Debug;
		};
		561E3EEC2D8B47CF009DC6B9 /* Release */ = {
			isa = XCBuildConfiguration;
			buildSettings = {
				BUNDLE_LOADER = "$(TEST_HOST)";
				CODE_SIGN_STYLE = Automatic;
				CURRENT_PROJECT_VERSION = 1;
				DEVELOPMENT_TEAM = GB2CY3HPJ4;
				GENERATE_INFOPLIST_FILE = YES;
				IPHONEOS_DEPLOYMENT_TARGET = 18.2;
				MARKETING_VERSION = 1.0;
				PRODUCT_BUNDLE_IDENTIFIER = RicardoMassaki.ChatUpTests;
				PRODUCT_NAME = "$(TARGET_NAME)";
				SWIFT_EMIT_LOC_STRINGS = NO;
				SWIFT_VERSION = 5.0;
				TARGETED_DEVICE_FAMILY = "1,2";
				TEST_HOST = "$(BUILT_PRODUCTS_DIR)/ChatUp.app/$(BUNDLE_EXECUTABLE_FOLDER_PATH)/ChatUp";
			};
			name = Release;
		};
		561E3EEE2D8B47CF009DC6B9 /* Debug */ = {
			isa = XCBuildConfiguration;
			buildSettings = {
				CODE_SIGN_STYLE = Automatic;
				CURRENT_PROJECT_VERSION = 1;
				DEVELOPMENT_TEAM = GB2CY3HPJ4;
				GENERATE_INFOPLIST_FILE = YES;
				MARKETING_VERSION = 1.0;
				PRODUCT_BUNDLE_IDENTIFIER = RicardoMassaki.ChatUpUITests;
				PRODUCT_NAME = "$(TARGET_NAME)";
				SWIFT_EMIT_LOC_STRINGS = NO;
				SWIFT_VERSION = 5.0;
				TARGETED_DEVICE_FAMILY = "1,2";
				TEST_TARGET_NAME = ChatUp;
			};
			name = Debug;
		};
		561E3EEF2D8B47CF009DC6B9 /* Release */ = {
			isa = XCBuildConfiguration;
			buildSettings = {
				CODE_SIGN_STYLE = Automatic;
				CURRENT_PROJECT_VERSION = 1;
				DEVELOPMENT_TEAM = GB2CY3HPJ4;
				GENERATE_INFOPLIST_FILE = YES;
				MARKETING_VERSION = 1.0;
				PRODUCT_BUNDLE_IDENTIFIER = RicardoMassaki.ChatUpUITests;
				PRODUCT_NAME = "$(TARGET_NAME)";
				SWIFT_EMIT_LOC_STRINGS = NO;
				SWIFT_VERSION = 5.0;
				TARGETED_DEVICE_FAMILY = "1,2";
				TEST_TARGET_NAME = ChatUp;
			};
			name = Release;
		};
/* End XCBuildConfiguration section */

/* Begin XCConfigurationList section */
		561E3EBE2D8B47CD009DC6B9 /* Build configuration list for PBXProject "ChatUp" */ = {
			isa = XCConfigurationList;
			buildConfigurations = (
				561E3EE52D8B47CF009DC6B9 /* Debug */,
				561E3EE62D8B47CF009DC6B9 /* Release */,
			);
			defaultConfigurationIsVisible = 0;
			defaultConfigurationName = Release;
		};
		561E3EE72D8B47CF009DC6B9 /* Build configuration list for PBXNativeTarget "ChatUp" */ = {
			isa = XCConfigurationList;
			buildConfigurations = (
				561E3EE82D8B47CF009DC6B9 /* Debug */,
				561E3EE92D8B47CF009DC6B9 /* Release */,
			);
			defaultConfigurationIsVisible = 0;
			defaultConfigurationName = Release;
		};
		561E3EEA2D8B47CF009DC6B9 /* Build configuration list for PBXNativeTarget "ChatUpTests" */ = {
			isa = XCConfigurationList;
			buildConfigurations = (
				561E3EEB2D8B47CF009DC6B9 /* Debug */,
				561E3EEC2D8B47CF009DC6B9 /* Release */,
			);
			defaultConfigurationIsVisible = 0;
			defaultConfigurationName = Release;
		};
		561E3EED2D8B47CF009DC6B9 /* Build configuration list for PBXNativeTarget "ChatUpUITests" */ = {
			isa = XCConfigurationList;
			buildConfigurations = (
				561E3EEE2D8B47CF009DC6B9 /* Debug */,
				561E3EEF2D8B47CF009DC6B9 /* Release */,
			);
			defaultConfigurationIsVisible = 0;
			defaultConfigurationName = Release;
		};
/* End XCConfigurationList section */

/* Begin XCRemoteSwiftPackageReference section */
		561E3F762D8CA9C5009DC6B9 /* XCRemoteSwiftPackageReference "firebase-ios-sdk" */ = {
			isa = XCRemoteSwiftPackageReference;
			repositoryURL = "https://github.com/firebase/firebase-ios-sdk.git";
			requirement = {
				kind = upToNextMajorVersion;
				minimumVersion = 11.10.0;
			};
		};
/* End XCRemoteSwiftPackageReference section */

/* Begin XCSwiftPackageProductDependency section */
		561E3F772D8CA9C5009DC6B9 /* FirebaseAuth */ = {
			isa = XCSwiftPackageProductDependency;
			package = 561E3F762D8CA9C5009DC6B9 /* XCRemoteSwiftPackageReference "firebase-ios-sdk" */;
			productName = FirebaseAuth;
		};
		561E3F792D8CA9C5009DC6B9 /* FirebaseFirestore */ = {
			isa = XCSwiftPackageProductDependency;
			package = 561E3F762D8CA9C5009DC6B9 /* XCRemoteSwiftPackageReference "firebase-ios-sdk" */;
			productName = FirebaseFirestore;
		};
		561E3F7B2D8CA9C5009DC6B9 /* FirebaseStorage */ = {
			isa = XCSwiftPackageProductDependency;
			package = 561E3F762D8CA9C5009DC6B9 /* XCRemoteSwiftPackageReference "firebase-ios-sdk" */;
			productName = FirebaseStorage;
		};
/* End XCSwiftPackageProductDependency section */
	};
	rootObject = 561E3EBB2D8B47CD009DC6B9 /* Project object */;
}
